# THIS IS AN AUTOGENERATED FILE. DO NOT EDIT THIS FILE DIRECTLY.
# yarn lockfile v1


"@tsconfig/node18@^18.2.2":
  version "18.2.4"
  resolved "https://registry.yarnpkg.com/@tsconfig/node18/-/node18-18.2.4.tgz#094efbdd70f697d37c09f34067bf41bc4a828ae3"
  integrity sha512-5xxU8vVs9/FNcvm3gE07fPbn9tl6tqGGWA9tSlwsUEkBxtRnTsNmwrV8gasZ9F/EobaSv9+nu8AxUKccw77JpQ==

"@types/node@^18.19.34":
  version "18.19.79"
  resolved "https://registry.yarnpkg.com/@types/node/-/node-18.19.79.tgz#82fde7ac17809f4738a494b22273f0f7e6754f6e"
  integrity sha512-90K8Oayimbctc5zTPHPfZloc/lGVs7f3phUAAMcTgEPtg8kKquGZDERC8K4vkBYkQQh48msiYUslYtxTWvqcAg==
  dependencies:
    undici-types "~5.26.4"

typescript@^5.8.2:
  version "5.8.2"
  resolved "https://registry.yarnpkg.com/typescript/-/typescript-5.8.2.tgz#8170b3702f74b79db2e5a96207c15e65807999e4"
  integrity sha512-aJn6wq13/afZp/jT9QZmwEjDqqvSGp1VT5GVg+f/t6/oVyrgXM6BY1h9BRh/O5p3PlUPAe+WuiEZOmb/49RqoQ==

undici-types@~5.26.4:
  version "5.26.5"
  resolved "https://registry.yarnpkg.com/undici-types/-/undici-types-5.26.5.tgz#bcd539893d00b56e964fd2657a4866b221a65617"
  integrity sha512-JlCMO+ehdEIKqlFxk6IfVoAUVmgz7cU7zD/h9XZ0qzeosSHmUJVOzSQvvYSYWXkFXC+IfLKSIffhv0sVZup6pA==
